
Microsoft Visual Studio Solution File, Format Version 12.00
# Visual Studio Version 17
Project("{8BC9CEB8-8B4A-11D0-8D11-00A0C91BC942}") = "ALL_BUILD", "ALL_BUILD.vcxproj", "{0DBB14CC-3AAE-3A20-8696-2C34418F6E1B}"
	ProjectSection(ProjectDependencies) = postProject
		{4B5DBB6A-987E-395D-98FD-8864938B9A3E} = {4B5DBB6A-987E-395D-98FD-8864938B9A3E}
		{7C1E75F8-5076-321D-9909-C931F012A8E2} = {7C1E75F8-5076-321D-9909-C931F012A8E2}
		{0D6858F0-5A9B-36EE-8412-A28E0F4B928C} = {0D6858F0-5A9B-36EE-8412-A28E0F4B928C}
		{3371C53D-DB50-3F34-926E-C03E69AC522D} = {3371C53D-DB50-3F34-926E-C03E69AC522D}
		{9236CBF8-079B-3229-A8DD-171E5CAB10CC} = {9236CBF8-079B-3229-A8DD-171E5CAB10CC}
		{D369AB46-86DD-39BA-AD41-2E60441C601F} = {D369AB46-86DD-39BA-AD41-2E60441C601F}
		{B5FBEA8B-E0E5-3AFC-801B-9458AB824355} = {B5FBEA8B-E0E5-3AFC-801B-9458AB824355}
	EndProjectSection
EndProject
Project("{8BC9CEB8-8B4A-11D0-8D11-00A0C91BC942}") = "GLFW", "GLFW.vcxproj", "{4B5DBB6A-987E-395D-98FD-8864938B9A3E}"
	ProjectSection(ProjectDependencies) = postProject
		{D369AB46-86DD-39BA-AD41-2E60441C601F} = {D369AB46-86DD-39BA-AD41-2E60441C601F}
	EndProjectSection
EndProject
Project("{8BC9CEB8-8B4A-11D0-8D11-00A0C91BC942}") = "Glad", "Glad.vcxproj", "{7C1E75F8-5076-321D-9909-C931F012A8E2}"
	ProjectSection(ProjectDependencies) = postProject
		{D369AB46-86DD-39BA-AD41-2E60441C601F} = {D369AB46-86DD-39BA-AD41-2E60441C601F}
	EndProjectSection
EndProject
Project("{8BC9CEB8-8B4A-11D0-8D11-00A0C91BC942}") = "ImGui", "ImGui.vcxproj", "{0D6858F0-5A9B-36EE-8412-A28E0F4B928C}"
	ProjectSection(ProjectDependencies) = postProject
		{D369AB46-86DD-39BA-AD41-2E60441C601F} = {D369AB46-86DD-39BA-AD41-2E60441C601F}
	EndProjectSection
EndProject
Project("{8BC9CEB8-8B4A-11D0-8D11-00A0C91BC942}") = "Rod-Editor", "Rod-Editor.vcxproj", "{3371C53D-DB50-3F34-926E-C03E69AC522D}"
	ProjectSection(ProjectDependencies) = postProject
		{4B5DBB6A-987E-395D-98FD-8864938B9A3E} = {4B5DBB6A-987E-395D-98FD-8864938B9A3E}
		{7C1E75F8-5076-321D-9909-C931F012A8E2} = {7C1E75F8-5076-321D-9909-C931F012A8E2}
		{0D6858F0-5A9B-36EE-8412-A28E0F4B928C} = {0D6858F0-5A9B-36EE-8412-A28E0F4B928C}
		{9236CBF8-079B-3229-A8DD-171E5CAB10CC} = {9236CBF8-079B-3229-A8DD-171E5CAB10CC}
		{1259EB89-FDCE-32E4-89E1-49A16A8B9A61} = {1259EB89-FDCE-32E4-89E1-49A16A8B9A61}
		{D369AB46-86DD-39BA-AD41-2E60441C601F} = {D369AB46-86DD-39BA-AD41-2E60441C601F}
		{B5FBEA8B-E0E5-3AFC-801B-9458AB824355} = {B5FBEA8B-E0E5-3AFC-801B-9458AB824355}
	EndProjectSection
EndProject
Project("{8BC9CEB8-8B4A-11D0-8D11-00A0C91BC942}") = "RodEngine", "RodEngine.vcxproj", "{9236CBF8-079B-3229-A8DD-171E5CAB10CC}"
	ProjectSection(ProjectDependencies) = postProject
		{4B5DBB6A-987E-395D-98FD-8864938B9A3E} = {4B5DBB6A-987E-395D-98FD-8864938B9A3E}
		{7C1E75F8-5076-321D-9909-C931F012A8E2} = {7C1E75F8-5076-321D-9909-C931F012A8E2}
		{0D6858F0-5A9B-36EE-8412-A28E0F4B928C} = {0D6858F0-5A9B-36EE-8412-A28E0F4B928C}
		{1259EB89-FDCE-32E4-89E1-49A16A8B9A61} = {1259EB89-FDCE-32E4-89E1-49A16A8B9A61}
		{D369AB46-86DD-39BA-AD41-2E60441C601F} = {D369AB46-86DD-39BA-AD41-2E60441C601F}
		{B5FBEA8B-E0E5-3AFC-801B-9458AB824355} = {B5FBEA8B-E0E5-3AFC-801B-9458AB824355}
	EndProjectSection
EndProject
Project("{8BC9CEB8-8B4A-11D0-8D11-00A0C91BC942}") = "Shaderc-Build", "Shaderc-Build.vcxproj", "{1259EB89-FDCE-32E4-89E1-49A16A8B9A61}"
	ProjectSection(ProjectDependencies) = postProject
		{D369AB46-86DD-39BA-AD41-2E60441C601F} = {D369AB46-86DD-39BA-AD41-2E60441C601F}
	EndProjectSection
EndProject
Project("{8BC9CEB8-8B4A-11D0-8D11-00A0C91BC942}") = "ZERO_CHECK", "ZERO_CHECK.vcxproj", "{D369AB46-86DD-39BA-AD41-2E60441C601F}"
	ProjectSection(ProjectDependencies) = postProject
	EndProjectSection
EndProject
Project("{8BC9CEB8-8B4A-11D0-8D11-00A0C91BC942}") = "yaml-cpp", "yaml-cpp.vcxproj", "{B5FBEA8B-E0E5-3AFC-801B-9458AB824355}"
	ProjectSection(ProjectDependencies) = postProject
		{D369AB46-86DD-39BA-AD41-2E60441C601F} = {D369AB46-86DD-39BA-AD41-2E60441C601F}
	EndProjectSection
EndProject
Global
	GlobalSection(SolutionConfigurationPlatforms) = preSolution
		Debug|x64 = Debug|x64
		Release|x64 = Release|x64
		Dist|x64 = Dist|x64
	EndGlobalSection
	GlobalSection(ProjectConfigurationPlatforms) = postSolution
		{0DBB14CC-3AAE-3A20-8696-2C34418F6E1B}.Debug|x64.ActiveCfg = Debug|x64
		{0DBB14CC-3AAE-3A20-8696-2C34418F6E1B}.Release|x64.ActiveCfg = Release|x64
		{0DBB14CC-3AAE-3A20-8696-2C34418F6E1B}.Dist|x64.ActiveCfg = Dist|x64
		{4B5DBB6A-987E-395D-98FD-8864938B9A3E}.Debug|x64.ActiveCfg = Debug|x64
		{4B5DBB6A-987E-395D-98FD-8864938B9A3E}.Debug|x64.Build.0 = Debug|x64
		{4B5DBB6A-987E-395D-98FD-8864938B9A3E}.Release|x64.ActiveCfg = Release|x64
		{4B5DBB6A-987E-395D-98FD-8864938B9A3E}.Release|x64.Build.0 = Release|x64
		{4B5DBB6A-987E-395D-98FD-8864938B9A3E}.Dist|x64.ActiveCfg = Dist|x64
		{4B5DBB6A-987E-395D-98FD-8864938B9A3E}.Dist|x64.Build.0 = Dist|x64
		{7C1E75F8-5076-321D-9909-C931F012A8E2}.Debug|x64.ActiveCfg = Debug|x64
		{7C1E75F8-5076-321D-9909-C931F012A8E2}.Debug|x64.Build.0 = Debug|x64
		{7C1E75F8-5076-321D-9909-C931F012A8E2}.Release|x64.ActiveCfg = Release|x64
		{7C1E75F8-5076-321D-9909-C931F012A8E2}.Release|x64.Build.0 = Release|x64
		{7C1E75F8-5076-321D-9909-C931F012A8E2}.Dist|x64.ActiveCfg = Dist|x64
		{7C1E75F8-5076-321D-9909-C931F012A8E2}.Dist|x64.Build.0 = Dist|x64
		{0D6858F0-5A9B-36EE-8412-A28E0F4B928C}.Debug|x64.ActiveCfg = Debug|x64
		{0D6858F0-5A9B-36EE-8412-A28E0F4B928C}.Debug|x64.Build.0 = Debug|x64
		{0D6858F0-5A9B-36EE-8412-A28E0F4B928C}.Release|x64.ActiveCfg = Release|x64
		{0D6858F0-5A9B-36EE-8412-A28E0F4B928C}.Release|x64.Build.0 = Release|x64
		{0D6858F0-5A9B-36EE-8412-A28E0F4B928C}.Dist|x64.ActiveCfg = Dist|x64
		{0D6858F0-5A9B-36EE-8412-A28E0F4B928C}.Dist|x64.Build.0 = Dist|x64
		{3371C53D-DB50-3F34-926E-C03E69AC522D}.Debug|x64.ActiveCfg = Debug|x64
		{3371C53D-DB50-3F34-926E-C03E69AC522D}.Debug|x64.Build.0 = Debug|x64
		{3371C53D-DB50-3F34-926E-C03E69AC522D}.Release|x64.ActiveCfg = Release|x64
		{3371C53D-DB50-3F34-926E-C03E69AC522D}.Release|x64.Build.0 = Release|x64
		{3371C53D-DB50-3F34-926E-C03E69AC522D}.Dist|x64.ActiveCfg = Dist|x64
		{3371C53D-DB50-3F34-926E-C03E69AC522D}.Dist|x64.Build.0 = Dist|x64
		{9236CBF8-079B-3229-A8DD-171E5CAB10CC}.Debug|x64.ActiveCfg = Debug|x64
		{9236CBF8-079B-3229-A8DD-171E5CAB10CC}.Debug|x64.Build.0 = Debug|x64
		{9236CBF8-079B-3229-A8DD-171E5CAB10CC}.Release|x64.ActiveCfg = Release|x64
		{9236CBF8-079B-3229-A8DD-171E5CAB10CC}.Release|x64.Build.0 = Release|x64
		{9236CBF8-079B-3229-A8DD-171E5CAB10CC}.Dist|x64.ActiveCfg = Dist|x64
		{9236CBF8-079B-3229-A8DD-171E5CAB10CC}.Dist|x64.Build.0 = Dist|x64
		{1259EB89-FDCE-32E4-89E1-49A16A8B9A61}.Debug|x64.ActiveCfg = Debug|x64
		{1259EB89-FDCE-32E4-89E1-49A16A8B9A61}.Debug|x64.Build.0 = Debug|x64
		{1259EB89-FDCE-32E4-89E1-49A16A8B9A61}.Release|x64.ActiveCfg = Release|x64
		{1259EB89-FDCE-32E4-89E1-49A16A8B9A61}.Release|x64.Build.0 = Release|x64
		{1259EB89-FDCE-32E4-89E1-49A16A8B9A61}.Dist|x64.ActiveCfg = Dist|x64
		{1259EB89-FDCE-32E4-89E1-49A16A8B9A61}.Dist|x64.Build.0 = Dist|x64
		{D369AB46-86DD-39BA-AD41-2E60441C601F}.Debug|x64.ActiveCfg = Debug|x64
		{D369AB46-86DD-39BA-AD41-2E60441C601F}.Debug|x64.Build.0 = Debug|x64
		{D369AB46-86DD-39BA-AD41-2E60441C601F}.Release|x64.ActiveCfg = Release|x64
		{D369AB46-86DD-39BA-AD41-2E60441C601F}.Release|x64.Build.0 = Release|x64
		{D369AB46-86DD-39BA-AD41-2E60441C601F}.Dist|x64.ActiveCfg = Dist|x64
		{D369AB46-86DD-39BA-AD41-2E60441C601F}.Dist|x64.Build.0 = Dist|x64
		{B5FBEA8B-E0E5-3AFC-801B-9458AB824355}.Debug|x64.ActiveCfg = Debug|x64
		{B5FBEA8B-E0E5-3AFC-801B-9458AB824355}.Debug|x64.Build.0 = Debug|x64
		{B5FBEA8B-E0E5-3AFC-801B-9458AB824355}.Release|x64.ActiveCfg = Release|x64
		{B5FBEA8B-E0E5-3AFC-801B-9458AB824355}.Release|x64.Build.0 = Release|x64
		{B5FBEA8B-E0E5-3AFC-801B-9458AB824355}.Dist|x64.ActiveCfg = Dist|x64
		{B5FBEA8B-E0E5-3AFC-801B-9458AB824355}.Dist|x64.Build.0 = Dist|x64
	EndGlobalSection
	GlobalSection(ExtensibilityGlobals) = postSolution
		SolutionGuid = {8F0DE95F-8E1A-3485-8F4A-80A9D1796AF9}
	EndGlobalSection
	GlobalSection(ExtensibilityAddIns) = postSolution
	EndGlobalSection
EndGlobal
