<?xml version="1.0" encoding="utf-8"?>
<Project ToolsVersion="4.0" xmlns="http://schemas.microsoft.com/developer/msbuild/2003">
  <ItemGroup>
    <Filter Include="Platform">
      <UniqueIdentifier>{2AC788B4-1694-E3BF-3FAD-D1672BD9184E}</UniqueIdentifier>
    </Filter>
    <Filter Include="Platform\OpenGL">
      <UniqueIdentifier>{1E7D2C1D-8A08-9AE1-9319-1DD6FF23F6E1}</UniqueIdentifier>
    </Filter>
    <Filter Include="Rod">
      <UniqueIdentifier>{6A1E880B-D627-887C-5FA3-9E7CCBAB937C}</UniqueIdentifier>
    </Filter>
    <Filter Include="Rod\Events">
      <UniqueIdentifier>{0E2F3218-FAE6-7365-63EE-4CC14FC50E56}</UniqueIdentifier>
    </Filter>
    <Filter Include="Rod\ImGui">
      <UniqueIdentifier>{143B4C37-80A5-00AE-C9E3-B153358DDE02}</UniqueIdentifier>
    </Filter>
  </ItemGroup>
  <ItemGroup>
    <ClInclude Include="src\Platform\OpenGL\ImGuiOpenGLRenderer.h">
      <Filter>Platform\OpenGL</Filter>
    </ClInclude>
    <ClInclude Include="src\Platform\Windows\WindowsWindow.h">
      <Filter>Platform</Filter>
    </ClInclude>
    <ClInclude Include="src\Rod.h" />
    <ClInclude Include="src\Rod\Application.h">
      <Filter>Rod</Filter>
    </ClInclude>
    <ClInclude Include="src\Rod\Core.h">
      <Filter>Rod</Filter>
    </ClInclude>
    <ClInclude Include="src\Rod\EntryPoint.h">
      <Filter>Rod</Filter>
    </ClInclude>
    <ClInclude Include="src\Rod\Events\ApplicationEvent.h">
      <Filter>Rod\Events</Filter>
    </ClInclude>
    <ClInclude Include="src\Rod\Events\Event.h">
      <Filter>Rod\Events</Filter>
    </ClInclude>
    <ClInclude Include="src\Rod\Events\KeyEvent.h">
      <Filter>Rod\Events</Filter>
    </ClInclude>
    <ClInclude Include="src\Rod\Events\MouseEvent.h">
      <Filter>Rod\Events</Filter>
    </ClInclude>
    <ClInclude Include="src\Rod\ImGui\ImGuiLayer.h">
      <Filter>Rod\ImGui</Filter>
    </ClInclude>
    <ClInclude Include="src\Rod\Layer.h">
      <Filter>Rod</Filter>
    </ClInclude>
    <ClInclude Include="src\Rod\LayerStack.h">
      <Filter>Rod</Filter>
    </ClInclude>
    <ClInclude Include="src\Rod\Log.h">
      <Filter>Rod</Filter>
    </ClInclude>
    <ClInclude Include="src\Rod\Window.h">
      <Filter>Rod</Filter>
    </ClInclude>
    <ClInclude Include="src\rdpch.h" />
    <ClInclude Include="src\Rod\Input.h" />
    <ClInclude Include="src\Platform\Windows\WindowsInput.h" />
  </ItemGroup>
  <ItemGroup>
    <ClCompile Include="src\Platform\OpenGL\ImGuiOpenGLRenderer.cpp">
      <Filter>Platform\OpenGL</Filter>
    </ClCompile>
    <ClCompile Include="src\Platform\Windows\WindowsWindow.cpp">
      <Filter>Platform</Filter>
    </ClCompile>
    <ClCompile Include="src\Rod\Application.cpp">
      <Filter>Rod</Filter>
    </ClCompile>
    <ClCompile Include="src\Rod\ImGui\ImGuiLayer.cpp">
      <Filter>Rod\ImGui</Filter>
    </ClCompile>
    <ClCompile Include="src\Rod\Layer.cpp">
      <Filter>Rod</Filter>
    </ClCompile>
    <ClCompile Include="src\Rod\LayerStack.cpp">
      <Filter>Rod</Filter>
    </ClCompile>
    <ClCompile Include="src\Rod\Log.cpp">
      <Filter>Rod</Filter>
    </ClCompile>
    <ClCompile Include="src\rdpch.cpp" />
    <ClCompile Include="src\Platform\Windows\WindowsInput.cpp" />
  </ItemGroup>
</Project>